// !$*UTF8*$!
{
	archiveVersion = 1;
	classes = {
	};
	objectVersion = 46;
	objects = {

/* Begin PBXBuildFile section */
		E1DB4682188DE86E00078CC0 /* Foundation.framework in Frameworks */ = {isa = PBXBuildFile; fileRef = E1DB4681188DE86E00078CC0 /* Foundation.framework */; };
		E1DB4684188DE86E00078CC0 /* CoreGraphics.framework in Frameworks */ = {isa = PBXBuildFile; fileRef = E1DB4683188DE86E00078CC0 /* CoreGraphics.framework */; };
		E1DB4686188DE86E00078CC0 /* UIKit.framework in Frameworks */ = {isa = PBXBuildFile; fileRef = E1DB4685188DE86E00078CC0 /* UIKit.framework */; };
		E1DB468C188DE86E00078CC0 /* InfoPlist.strings in Resources */ = {isa = PBXBuildFile; fileRef = E1DB468A188DE86E00078CC0 /* InfoPlist.strings */; };
		E1DB468E188DE86E00078CC0 /* main.m in Sources */ = {isa = PBXBuildFile; fileRef = E1DB468D188DE86E00078CC0 /* main.m */; };
		E1DB4692188DE86E00078CC0 /* AppDelegate.m in Sources */ = {isa = PBXBuildFile; fileRef = E1DB4691188DE86E00078CC0 /* AppDelegate.m */; };
		E1DB4695188DE86E00078CC0 /* Main.storyboard in Resources */ = {isa = PBXBuildFile; fileRef = E1DB4693188DE86E00078CC0 /* Main.storyboard */; };
		E1DB4698188DE86E00078CC0 /* ViewController.m in Sources */ = {isa = PBXBuildFile; fileRef = E1DB4697188DE86E00078CC0 /* ViewController.m */; };
		E1DB469A188DE86E00078CC0 /* Images.xcassets in Resources */ = {isa = PBXBuildFile; fileRef = E1DB4699188DE86E00078CC0 /* Images.xcassets */; };
		E1DB46A1188DE86E00078CC0 /* XCTest.framework in Frameworks */ = {isa = PBXBuildFile; fileRef = E1DB46A0188DE86E00078CC0 /* XCTest.framework */; };
		E1DB46A2188DE86E00078CC0 /* Foundation.framework in Frameworks */ = {isa = PBXBuildFile; fileRef = E1DB4681188DE86E00078CC0 /* Foundation.framework */; };
		E1DB46A3188DE86E00078CC0 /* UIKit.framework in Frameworks */ = {isa = PBXBuildFile; fileRef = E1DB4685188DE86E00078CC0 /* UIKit.framework */; };
		E1DB46AB188DE86E00078CC0 /* InfoPlist.strings in Resources */ = {isa = PBXBuildFile; fileRef = E1DB46A9188DE86E00078CC0 /* InfoPlist.strings */; };
		E1DB46AD188DE86E00078CC0 /* thirdAppTests.m in Sources */ = {isa = PBXBuildFile; fileRef = E1DB46AC188DE86E00078CC0 /* thirdAppTests.m */; };
		E1DB46B7188DEFA200078CC0 /* MessageUI.framework in Frameworks */ = {isa = PBXBuildFile; fileRef = E1DB46B6188DEFA200078CC0 /* MessageUI.framework */; };
/* End PBXBuildFile section */

/* Begin PBXContainerItemProxy section */
		E1DB46A4188DE86E00078CC0 /* PBXContainerItemProxy */ = {
			isa = PBXContainerItemProxy;
			containerPortal = E1DB4676188DE86E00078CC0 /* Project object */;
			proxyType = 1;
			remoteGlobalIDString = E1DB467D188DE86E00078CC0;
			remoteInfo = thirdApp;
		};
/* End PBXContainerItemProxy section */

/* Begin PBXFileReference section */
		E1DB467E188DE86E00078CC0 /* thirdApp.app */ = {isa = PBXFileReference; explicitFileType = wrapper.application; includeInIndex = 0; path = thirdApp.app; sourceTree = BUILT_PRODUCTS_DIR; };
		E1DB4681188DE86E00078CC0 /* Foundation.framework */ = {isa = PBXFileReference; lastKnownFileType = wrapper.framework; name = Foundation.framework; path = System/Library/Frameworks/Foundation.framework; sourceTree = SDKROOT; };
		E1DB4683188DE86E00078CC0 /* CoreGraphics.framework */ = {isa = PBXFileReference; lastKnownFileType = wrapper.framework; name = CoreGraphics.framework; path = System/Library/Frameworks/CoreGraphics.framework; sourceTree = SDKROOT; };
		E1DB4685188DE86E00078CC0 /* UIKit.framework */ = {isa = PBXFileReference; lastKnownFileType = wrapper.framework; name = UIKit.framework; path = System/Library/Frameworks/UIKit.framework; sourceTree = SDKROOT; };
		E1DB4689188DE86E00078CC0 /* thirdApp-Info.plist */ = {isa = PBXFileReference; lastKnownFileType = text.plist.xml; path = "thirdApp-Info.plist"; sourceTree = "<group>"; };
		E1DB468B188DE86E00078CC0 /* en */ = {isa = PBXFileReference; lastKnownFileType = text.plist.strings; name = en; path = en.lproj/InfoPlist.strings; sourceTree = "<group>"; };
		E1DB468D188DE86E00078CC0 /* main.m */ = {isa = PBXFileReference; lastKnownFileType = sourcecode.c.objc; path = main.m; sourceTree = "<group>"; };
		E1DB468F188DE86E00078CC0 /* thirdApp-Prefix.pch */ = {isa = PBXFileReference; lastKnownFileType = sourcecode.c.h; path = "thirdApp-Prefix.pch"; sourceTree = "<group>"; };
		E1DB4690188DE86E00078CC0 /* AppDelegate.h */ = {isa = PBXFileReference; lastKnownFileType = sourcecode.c.h; path = AppDelegate.h; sourceTree = "<group>"; };
		E1DB4691188DE86E00078CC0 /* AppDelegate.m */ = {isa = PBXFileReference; lastKnownFileType = sourcecode.c.objc; path = AppDelegate.m; sourceTree = "<group>"; };
		E1DB4694188DE86E00078CC0 /* Base */ = {isa = PBXFileReference; lastKnownFileType = file.storyboard; name = Base; path = Base.lproj/Main.storyboard; sourceTree = "<group>"; };
		E1DB4696188DE86E00078CC0 /* ViewController.h */ = {isa = PBXFileReference; lastKnownFileType = sourcecode.c.h; path = ViewController.h; sourceTree = "<group>"; };
		E1DB4697188DE86E00078CC0 /* ViewController.m */ = {isa = PBXFileReference; lastKnownFileType = sourcecode.c.objc; path = ViewController.m; sourceTree = "<group>"; };
		E1DB4699188DE86E00078CC0 /* Images.xcassets */ = {isa = PBXFileReference; lastKnownFileType = folder.assetcatalog; path = Images.xcassets; sourceTree = "<group>"; };
		E1DB469F188DE86E00078CC0 /* thirdAppTests.xctest */ = {isa = PBXFileReference; explicitFileType = wrapper.cfbundle; includeInIndex = 0; path = thirdAppTests.xctest; sourceTree = BUILT_PRODUCTS_DIR; };
		E1DB46A0188DE86E00078CC0 /* XCTest.framework */ = {isa = PBXFileReference; lastKnownFileType = wrapper.framework; name = XCTest.framework; path = Library/Frameworks/XCTest.framework; sourceTree = DEVELOPER_DIR; };
		E1DB46A8188DE86E00078CC0 /* thirdAppTests-Info.plist */ = {isa = PBXFileReference; lastKnownFileType = text.plist.xml; path = "thirdAppTests-Info.plist"; sourceTree = "<group>"; };
		E1DB46AA188DE86E00078CC0 /* en */ = {isa = PBXFileReference; lastKnownFileType = text.plist.strings; name = en; path = en.lproj/InfoPlist.strings; sourceTree = "<group>"; };
		E1DB46AC188DE86E00078CC0 /* thirdAppTests.m */ = {isa = PBXFileReference; lastKnownFileType = sourcecode.c.objc; path = thirdAppTests.m; sourceTree = "<group>"; };
		E1DB46B6188DEFA200078CC0 /* MessageUI.framework */ = {isa = PBXFileReference; lastKnownFileType = wrapper.framework; name = MessageUI.framework; path = System/Library/Frameworks/MessageUI.framework; sourceTree = SDKROOT; };
/* End PBXFileReference section */

/* Begin PBXFrameworksBuildPhase section */
		E1DB467B188DE86E00078CC0 /* Frameworks */ = {
			isa = PBXFrameworksBuildPhase;
			buildActionMask = 2147483647;
			files = (
				E1DB46B7188DEFA200078CC0 /* MessageUI.framework in Frameworks */,
				E1DB4684188DE86E00078CC0 /* CoreGraphics.framework in Frameworks */,
				E1DB4686188DE86E00078CC0 /* UIKit.framework in Frameworks */,
				E1DB4682188DE86E00078CC0 /* Foundation.framework in Frameworks */,
			);
			runOnlyForDeploymentPostprocessing = 0;
		};
		E1DB469C188DE86E00078CC0 /* Frameworks */ = {
			isa = PBXFrameworksBuildPhase;
			buildActionMask = 2147483647;
			files = (
				E1DB46A1188DE86E00078CC0 /* XCTest.framework in Frameworks */,
				E1DB46A3188DE86E00078CC0 /* UIKit.framework in Frameworks */,
				E1DB46A2188DE86E00078CC0 /* Foundation.framework in Frameworks */,
			);
			runOnlyForDeploymentPostprocessing = 0;
		};
/* End PBXFrameworksBuildPhase section */

/* Begin PBXGroup section */
		E1DB4675188DE86E00078CC0 = {
			isa = PBXGroup;
			children = (
				E1DB4687188DE86E00078CC0 /* thirdApp */,
				E1DB46A6188DE86E00078CC0 /* thirdAppTests */,
				E1DB4680188DE86E00078CC0 /* Frameworks */,
				E1DB467F188DE86E00078CC0 /* Products */,
			);
			sourceTree = "<group>";
		};
		E1DB467F188DE86E00078CC0 /* Products */ = {
			isa = PBXGroup;
			children = (
				E1DB467E188DE86E00078CC0 /* thirdApp.app */,
				E1DB469F188DE86E00078CC0 /* thirdAppTests.xctest */,
			);
			name = Products;
			sourceTree = "<group>";
		};
		E1DB4680188DE86E00078CC0 /* Frameworks */ = {
			isa = PBXGroup;
			children = (
				E1DB46B6188DEFA200078CC0 /* MessageUI.framework */,
				E1DB4681188DE86E00078CC0 /* Foundation.framework */,
				E1DB4683188DE86E00078CC0 /* CoreGraphics.framework */,
				E1DB4685188DE86E00078CC0 /* UIKit.framework */,
				E1DB46A0188DE86E00078CC0 /* XCTest.framework */,
			);
			name = Frameworks;
			sourceTree = "<group>";
		};
		E1DB4687188DE86E00078CC0 /* thirdApp */ = {
			isa = PBXGroup;
			children = (
				E1DB4690188DE86E00078CC0 /* AppDelegate.h */,
				E1DB4691188DE86E00078CC0 /* AppDelegate.m */,
				E1DB4693188DE86E00078CC0 /* Main.storyboard */,
				E1DB4696188DE86E00078CC0 /* ViewController.h */,
				E1DB4697188DE86E00078CC0 /* ViewController.m */,
				E1DB4699188DE86E00078CC0 /* Images.xcassets */,
				E1DB4688188DE86E00078CC0 /* Supporting Files */,
			);
			path = thirdApp;
			sourceTree = "<group>";
		};
		E1DB4688188DE86E00078CC0 /* Supporting Files */ = {
			isa = PBXGroup;
			children = (
				E1DB4689188DE86E00078CC0 /* thirdApp-Info.plist */,
				E1DB468A188DE86E00078CC0 /* InfoPlist.strings */,
				E1DB468D188DE86E00078CC0 /* main.m */,
				E1DB468F188DE86E00078CC0 /* thirdApp-Prefix.pch */,
			);
			name = "Supporting Files";
			sourceTree = "<group>";
		};
		E1DB46A6188DE86E00078CC0 /* thirdAppTests */ = {
			isa = PBXGroup;
			children = (
				E1DB46AC188DE86E00078CC0 /* thirdAppTests.m */,
				E1DB46A7188DE86E00078CC0 /* Supporting Files */,
			);
			path = thirdAppTests;
			sourceTree = "<group>";
		};
		E1DB46A7188DE86E00078CC0 /* Supporting Files */ = {
			isa = PBXGroup;
			children = (
				E1DB46A8188DE86E00078CC0 /* thirdAppTests-Info.plist */,
				E1DB46A9188DE86E00078CC0 /* InfoPlist.strings */,
			);
			name = "Supporting Files";
			sourceTree = "<group>";
		};
/* End PBXGroup section */

/* Begin PBXNativeTarget section */
		E1DB467D188DE86E00078CC0 /* thirdApp */ = {
			isa = PBXNativeTarget;
			buildConfigurationList = E1DB46B0188DE86E00078CC0 /* Build configuration list for PBXNativeTarget "thirdApp" */;
			buildPhases = (
				E1DB467A188DE86E00078CC0 /* Sources */,
				E1DB467B188DE86E00078CC0 /* Frameworks */,
				E1DB467C188DE86E00078CC0 /* Resources */,
			);
			buildRules = (
			);
			dependencies = (
			);
			name = thirdApp;
			productName = thirdApp;
			productReference = E1DB467E188DE86E00078CC0 /* thirdApp.app */;
			productType = "com.apple.product-type.application";
		};
		E1DB469E188DE86E00078CC0 /* thirdAppTests */ = {
			isa = PBXNativeTarget;
			buildConfigurationList = E1DB46B3188DE86E00078CC0 /* Build configuration list for PBXNativeTarget "thirdAppTests" */;
			buildPhases = (
				E1DB469B188DE86E00078CC0 /* Sources */,
				E1DB469C188DE86E00078CC0 /* Frameworks */,
				E1DB469D188DE86E00078CC0 /* Resources */,
			);
			buildRules = (
			);
			dependencies = (
				E1DB46A5188DE86E00078CC0 /* PBXTargetDependency */,
			);
			name = thirdAppTests;
			productName = thirdAppTests;
			productReference = E1DB469F188DE86E00078CC0 /* thirdAppTests.xctest */;
			productType = "com.apple.product-type.bundle.unit-test";
		};
/* End PBXNativeTarget section */

/* Begin PBXProject section */
		E1DB4676188DE86E00078CC0 /* Project object */ = {
			isa = PBXProject;
			attributes = {
				LastUpgradeCheck = 0500;
				ORGANIZATIONNAME = "Peter Neill";
				TargetAttributes = {
					E1DB469E188DE86E00078CC0 = {
						TestTargetID = E1DB467D188DE86E00078CC0;
					};
				};
			};
			buildConfigurationList = E1DB4679188DE86E00078CC0 /* Build configuration list for PBXProject "thirdApp" */;
			compatibilityVersion = "Xcode 3.2";
			developmentRegion = English;
			hasScannedForEncodings = 0;
			knownRegions = (
				en,
				Base,
			);
			mainGroup = E1DB4675188DE86E00078CC0;
			productRefGroup = E1DB467F188DE86E00078CC0 /* Products */;
			projectDirPath = "";
			projectRoot = "";
			targets = (
				E1DB467D188DE86E00078CC0 /* thirdApp */,
				E1DB469E188DE86E00078CC0 /* thirdAppTests */,
			);
		};
/* End PBXProject section */

/* Begin PBXResourcesBuildPhase section */
		E1DB467C188DE86E00078CC0 /* Resources */ = {
			isa = PBXResourcesBuildPhase;
			buildActionMask = 2147483647;
			files = (
				E1DB469A188DE86E00078CC0 /* Images.xcassets in Resources */,
				E1DB468C188DE86E00078CC0 /* InfoPlist.strings in Resources */,
				E1DB4695188DE86E00078CC0 /* Main.storyboard in Resources */,
			);
			runOnlyForDeploymentPostprocessing = 0;
		};
		E1DB469D188DE86E00078CC0 /* Resources */ = {
			isa = PBXResourcesBuildPhase;
			buildActionMask = 2147483647;
			files = (
				E1DB46AB188DE86E00078CC0 /* InfoPlist.strings in Resources */,
			);
			runOnlyForDeploymentPostprocessing = 0;
		};
/* End PBXResourcesBuildPhase section */

/* Begin PBXSourcesBuildPhase section */
		E1DB467A188DE86E00078CC0 /* Sources */ = {
			isa = PBXSourcesBuildPhase;
			buildActionMask = 2147483647;
			files = (
				E1DB4698188DE86E00078CC0 /* ViewController.m in Sources */,
				E1DB4692188DE86E00078CC0 /* AppDelegate.m in Sources */,
				E1DB468E188DE86E00078CC0 /* main.m in Sources */,
			);
			runOnlyForDeploymentPostprocessing = 0;
		};
		E1DB469B188DE86E00078CC0 /* Sources */ = {
			isa = PBXSourcesBuildPhase;
			buildActionMask = 2147483647;
			files = (
				E1DB46AD188DE86E00078CC0 /* thirdAppTests.m in Sources */,
			);
			runOnlyForDeploymentPostprocessing = 0;
		};
/* End PBXSourcesBuildPhase section */

/* Begin PBXTargetDependency section */
		E1DB46A5188DE86E00078CC0 /* PBXTargetDependency */ = {
			isa = PBXTargetDependency;
			target = E1DB467D188DE86E00078CC0 /* thirdApp */;
			targetProxy = E1DB46A4188DE86E00078CC0 /* PBXContainerItemProxy */;
		};
/* End PBXTargetDependency section */

/* Begin PBXVariantGroup section */
		E1DB468A188DE86E00078CC0 /* InfoPlist.strings */ = {
			isa = PBXVariantGroup;
			children = (
				E1DB468B188DE86E00078CC0 /* en */,
			);
			name = InfoPlist.strings;
			sourceTree = "<group>";
		};
		E1DB4693188DE86E00078CC0 /* Main.storyboard */ = {
			isa = PBXVariantGroup;
			children = (
				E1DB4694188DE86E00078CC0 /* Base */,
			);
			name = Main.storyboard;
			sourceTree = "<group>";
		};
		E1DB46A9188DE86E00078CC0 /* InfoPlist.strings */ = {
			isa = PBXVariantGroup;
			children = (
				E1DB46AA188DE86E00078CC0 /* en */,
			);
			name = InfoPlist.strings;
			sourceTree = "<group>";
		};
/* End PBXVariantGroup section */

/* Begin XCBuildConfiguration section */
		E1DB46AE188DE86E00078CC0 /* Debug */ = {
			isa = XCBuildConfiguration;
			buildSettings = {
				ALWAYS_SEARCH_USER_PATHS = NO;
				ARCHS = "$(ARCHS_STANDARD_INCLUDING_64_BIT)";
				CLANG_CXX_LANGUAGE_STANDARD = "gnu++0x";
				CLANG_CXX_LIBRARY = "libc++";
				CLANG_ENABLE_MODULES = YES;
				CLANG_ENABLE_OBJC_ARC = YES;
				CLANG_WARN_BOOL_CONVERSION = YES;
				CLANG_WARN_CONSTANT_CONVERSION = YES;
				CLANG_WARN_DIRECT_OBJC_ISA_USAGE = YES_ERROR;
				CLANG_WARN_EMPTY_BODY = YES;
				CLANG_WARN_ENUM_CONVERSION = YES;
				CLANG_WARN_INT_CONVERSION = YES;
				CLANG_WARN_OBJC_ROOT_CLASS = YES_ERROR;
				CLANG_WARN__DUPLICATE_METHOD_MATCH = YES;
				"CODE_SIGN_IDENTITY[sdk=iphoneos*]" = "iPhone Developer";
				COPY_PHASE_STRIP = NO;
				GCC_C_LANGUAGE_STANDARD = gnu99;
				GCC_DYNAMIC_NO_PIC = NO;
				GCC_OPTIMIZATION_LEVEL = 0;
				GCC_PREPROCESSOR_DEFINITIONS = (
					"DEBUG=1",
					"$(inherited)",
				);
				GCC_SYMBOLS_PRIVATE_EXTERN = NO;
				GCC_WARN_64_TO_32_BIT_CONVERSION = YES;
				GCC_WARN_ABOUT_RETURN_TYPE = YES_ERROR;
				GCC_WARN_UNDECLARED_SELECTOR = YES;
				GCC_WARN_UNINITIALIZED_AUTOS = YES;
				GCC_WARN_UNUSED_FUNCTION = YES;
				GCC_WARN_UNUSED_VARIABLE = YES;
				IPHONEOS_DEPLOYMENT_TARGET = 7.0;
				ONLY_ACTIVE_ARCH = YES;
				SDKROOT = iphoneos;
			};
			name = Debug;
		};
		E1DB46AF188DE86E00078CC0 /* Release */ = {
			isa = XCBuildConfiguration;
			buildSettings = {
				ALWAYS_SEARCH_USER_PATHS = NO;
				ARCHS = "$(ARCHS_STANDARD_INCLUDING_64_BIT)";
				CLANG_CXX_LANGUAGE_STANDARD = "gnu++0x";
				CLANG_CXX_LIBRARY = "libc++";
				CLANG_ENABLE_MODULES = YES;
				CLANG_ENABLE_OBJC_ARC = YES;
				CLANG_WARN_BOOL_CONVERSION = YES;
				CLANG_WARN_CONSTANT_CONVERSION = YES;
				CLANG_WARN_DIRECT_OBJC_ISA_USAGE = YES_ERROR;
				CLANG_WARN_EMPTY_BODY = YES;
				CLANG_WARN_ENUM_CONVERSION = YES;
				CLANG_WARN_INT_CONVERSION = YES;
				CLANG_WARN_OBJC_ROOT_CLASS = YES_ERROR;
				CLANG_WARN__DUPLICATE_METHOD_MATCH = YES;
				"CODE_SIGN_IDENTITY[sdk=iphoneos*]" = "iPhone Developer";
				COPY_PHASE_STRIP = YES;
				ENABLE_NS_ASSERTIONS = NO;
				GCC_C_LANGUAGE_STANDARD = gnu99;
				GCC_WARN_64_TO_32_BIT_CONVERSION = YES;
				GCC_WARN_ABOUT_RETURN_TYPE = YES_ERROR;
				GCC_WARN_UNDECLARED_SELECTOR = YES;
				GCC_WARN_UNINITIALIZED_AUTOS = YES;
				GCC_WARN_UNUSED_FUNCTION = YES;
				GCC_WARN_UNUSED_VARIABLE = YES;
				IPHONEOS_DEPLOYMENT_TARGET = 7.0;
				SDKROOT = iphoneos;
				VALIDATE_PRODUCT = YES;
			};
			name = Release;
		};
		E1DB46B1188DE86E00078CC0 /* Debug */ = {
			isa = XCBuildConfiguration;
			buildSettings = {
				ASSETCATALOG_COMPILER_APPICON_NAME = AppIcon;
				ASSETCATALOG_COMPILER_LAUNCHIMAGE_NAME = LaunchImage;
				GCC_PRECOMPILE_PREFIX_HEADER = YES;
				GCC_PREFIX_HEADER = "thirdApp/thirdApp-Prefix.pch";
				INFOPLIST_FILE = "thirdApp/thirdApp-Info.plist";
				PRODUCT_NAME = "$(TARGET_NAME)";
				WRAPPER_EXTENSION = app;
			};
			name = Debug;
		};
		E1DB46B2188DE86E00078CC0 /* Release */ = {
			isa = XCBuildConfiguration;
			buildSettings = {
				ASSETCATALOG_COMPILER_APPICON_NAME = AppIcon;
				ASSETCATALOG_COMPILER_LAUNCHIMAGE_NAME = LaunchImage;
				GCC_PRECOMPILE_PREFIX_HEADER = YES;
				GCC_PREFIX_HEADER = "thirdApp/thirdApp-Prefix.pch";
				INFOPLIST_FILE = "thirdApp/thirdApp-Info.plist";
				PRODUCT_NAME = "$(TARGET_NAME)";
				WRAPPER_EXTENSION = app;
			};
			name = Release;
		};
		E1DB46B4188DE86E00078CC0 /* Debug */ = {
			isa = XCBuildConfiguration;
			buildSettings = {
				ARCHS = "$(ARCHS_STANDARD_INCLUDING_64_BIT)";
				BUNDLE_LOADER = "$(BUILT_PRODUCTS_DIR)/thirdApp.app/thirdApp";
				FRAMEWORK_SEARCH_PATHS = (
					"$(SDKROOT)/Developer/Library/Frameworks",
					"$(inherited)",
					"$(DEVELOPER_FRAMEWORKS_DIR)",
				);
				GCC_PRECOMPILE_PREFIX_HEADER = YES;
				GCC_PREFIX_HEADER = "thirdApp/thirdApp-Prefix.pch";
				GCC_PREPROCESSOR_DEFINITIONS = (
					"DEBUG=1",
					"$(inherited)",
				);
				INFOPLIST_FILE = "thirdAppTests/thirdAppTests-Info.plist";
				PRODUCT_NAME = "$(TARGET_NAME)";
				TEST_HOST = "$(BUNDLE_LOADER)";
				WRAPPER_EXTENSION = xctest;
			};
			name = Debug;
		};
		E1DB46B5188DE86E00078CC0 /* Release */ = {
			isa = XCBuildConfiguration;
			buildSettings = {
				ARCHS = "$(ARCHS_STANDARD_INCLUDING_64_BIT)";
				BUNDLE_LOADER = "$(BUILT_PRODUCTS_DIR)/thirdApp.app/thirdApp";
				FRAMEWORK_SEARCH_PATHS = (
					"$(SDKROOT)/Developer/Library/Frameworks",
					"$(inherited)",
					"$(DEVELOPER_FRAMEWORKS_DIR)",
				);
				GCC_PRECOMPILE_PREFIX_HEADER = YES;
				GCC_PREFIX_HEADER = "thirdApp/thirdApp-Prefix.pch";
				INFOPLIST_FILE = "thirdAppTests/thirdAppTests-Info.plist";
				PRODUCT_NAME = "$(TARGET_NAME)";
				TEST_HOST = "$(BUNDLE_LOADER)";
				WRAPPER_EXTENSION = xctest;
			};
			name = Release;
		};
/* End XCBuildConfiguration section */

/* Begin XCConfigurationList section */
		E1DB4679188DE86E00078CC0 /* Build configuration list for PBXProject "thirdApp" */ = {
			isa = XCConfigurationList;
			buildConfigurations = (
				E1DB46AE188DE86E00078CC0 /* Debug */,
				E1DB46AF188DE86E00078CC0 /* Release */,
			);
			defaultConfigurationIsVisible = 0;
			defaultConfigurationName = Release;
		};
		E1DB46B0188DE86E00078CC0 /* Build configuration list for PBXNativeTarget "thirdApp" */ = {
			isa = XCConfigurationList;
			buildConfigurations = (
				E1DB46B1188DE86E00078CC0 /* Debug */,
				E1DB46B2188DE86E00078CC0 /* Release */,
			);
			defaultConfigurationIsVisible = 0;
		};
		E1DB46B3188DE86E00078CC0 /* Build configuration list for PBXNativeTarget "thirdAppTests" */ = {
			isa = XCConfigurationList;
			buildConfigurations = (
				E1DB46B4188DE86E00078CC0 /* Debug */,
				E1DB46B5188DE86E00078CC0 /* Release */,
			);
			defaultConfigurationIsVisible = 0;
		};
/* End XCConfigurationList section */
	};
	rootObject = E1DB4676188DE86E00078CC0 /* Project object */;
}
